// !$*UTF8*$!
{
	archiveVersion = 1;
	classes = {
	};
	objectVersion = 50;
	objects = {

/* Begin PBXBuildFile section */
		4A597ADC216F6C8D00D4A36D /* AppDelegate.swift in Sources */ = {isa = PBXBuildFile; fileRef = 4A597ADB216F6C8D00D4A36D /* AppDelegate.swift */; };
		4A597AE1216F6C8D00D4A36D /* Main.storyboard in Resources */ = {isa = PBXBuildFile; fileRef = 4A597ADF216F6C8D00D4A36D /* Main.storyboard */; };
		4A597AE3216F6C8E00D4A36D /* Assets.xcassets in Resources */ = {isa = PBXBuildFile; fileRef = 4A597AE2216F6C8E00D4A36D /* Assets.xcassets */; };
		4A597AE6216F6C8E00D4A36D /* LaunchScreen.storyboard in Resources */ = {isa = PBXBuildFile; fileRef = 4A597AE4216F6C8E00D4A36D /* LaunchScreen.storyboard */; };
		4A597AEF217081DA00D4A36D /* DataStore.swift in Sources */ = {isa = PBXBuildFile; fileRef = 4A597AEE217081DA00D4A36D /* DataStore.swift */; };
		4A597AF32170827B00D4A36D /* AnimeModel.swift in Sources */ = {isa = PBXBuildFile; fileRef = 4A597AF22170827B00D4A36D /* AnimeModel.swift */; };
		4A597AF62170830700D4A36D /* DataSotreImp.swift in Sources */ = {isa = PBXBuildFile; fileRef = 4A597AF52170830700D4A36D /* DataSotreImp.swift */; };
		4A597B032170AFB800D4A36D /* Coordinator.swift in Sources */ = {isa = PBXBuildFile; fileRef = 4A597B022170AFB800D4A36D /* Coordinator.swift */; };
		4A597B062170AFEE00D4A36D /* AppCoordinator.swift in Sources */ = {isa = PBXBuildFile; fileRef = 4A597B052170AFEE00D4A36D /* AppCoordinator.swift */; };
		4A597B082170B67700D4A36D /* AnimeListViewController.swift in Sources */ = {isa = PBXBuildFile; fileRef = 4A597B072170B67700D4A36D /* AnimeListViewController.swift */; };
		4A597B0A2170B68F00D4A36D /* AnimeListViewModelImp.swift in Sources */ = {isa = PBXBuildFile; fileRef = 4A597B092170B68F00D4A36D /* AnimeListViewModelImp.swift */; };
		4A597B0E2170B6FC00D4A36D /* AnimeListViewModel.swift in Sources */ = {isa = PBXBuildFile; fileRef = 4A597B0D2170B6FC00D4A36D /* AnimeListViewModel.swift */; };
		4A597B112170B7F300D4A36D /* AnimeListService.swift in Sources */ = {isa = PBXBuildFile; fileRef = 4A597B102170B7F300D4A36D /* AnimeListService.swift */; };
		4A597B132170C5DF00D4A36D /* AnimeListServiceImp.swift in Sources */ = {isa = PBXBuildFile; fileRef = 4A597B122170C5DF00D4A36D /* AnimeListServiceImp.swift */; };
		4A597B152170D5EF00D4A36D /* AnimeListCoordinator.swift in Sources */ = {isa = PBXBuildFile; fileRef = 4A597B142170D5EF00D4A36D /* AnimeListCoordinator.swift */; };
		4A597B192170D75F00D4A36D /* Protocols.swift in Sources */ = {isa = PBXBuildFile; fileRef = 4A597B182170D75F00D4A36D /* Protocols.swift */; };
		4A597B1B2170D7AE00D4A36D /* Extensions.swift in Sources */ = {isa = PBXBuildFile; fileRef = 4A597B1A2170D7AE00D4A36D /* Extensions.swift */; };
		4A597B1D2170EAF000D4A36D /* AnimeDetailViewController.swift in Sources */ = {isa = PBXBuildFile; fileRef = 4A597B1C2170EAF000D4A36D /* AnimeDetailViewController.swift */; };
		4A597B202170EB7F00D4A36D /* AnimeDetailViewModel.swift in Sources */ = {isa = PBXBuildFile; fileRef = 4A597B1F2170EB7F00D4A36D /* AnimeDetailViewModel.swift */; };
		4A597B222170F00C00D4A36D /* AnimeDetailViewModelImp.swift in Sources */ = {isa = PBXBuildFile; fileRef = 4A597B212170F00C00D4A36D /* AnimeDetailViewModelImp.swift */; };
		4A597B242170F1DF00D4A36D /* AnimeDetailViewCoordinator.swift in Sources */ = {isa = PBXBuildFile; fileRef = 4A597B232170F1DF00D4A36D /* AnimeDetailViewCoordinator.swift */; };
/* End PBXBuildFile section */

/* Begin PBXFileReference section */
		4A597AD8216F6C8D00D4A36D /* MVVM-C-Example.app */ = {isa = PBXFileReference; explicitFileType = wrapper.application; includeInIndex = 0; path = "MVVM-C-Example.app"; sourceTree = BUILT_PRODUCTS_DIR; };
		4A597ADB216F6C8D00D4A36D /* AppDelegate.swift */ = {isa = PBXFileReference; lastKnownFileType = sourcecode.swift; path = AppDelegate.swift; sourceTree = "<group>"; };
		4A597AE0216F6C8D00D4A36D /* Base */ = {isa = PBXFileReference; lastKnownFileType = file.storyboard; name = Base; path = Base.lproj/Main.storyboard; sourceTree = "<group>"; };
		4A597AE2216F6C8E00D4A36D /* Assets.xcassets */ = {isa = PBXFileReference; lastKnownFileType = folder.assetcatalog; path = Assets.xcassets; sourceTree = "<group>"; };
		4A597AE5216F6C8E00D4A36D /* Base */ = {isa = PBXFileReference; lastKnownFileType = file.storyboard; name = Base; path = Base.lproj/LaunchScreen.storyboard; sourceTree = "<group>"; };
		4A597AE7216F6C8E00D4A36D /* Info.plist */ = {isa = PBXFileReference; lastKnownFileType = text.plist.xml; path = Info.plist; sourceTree = "<group>"; };
		4A597AEE217081DA00D4A36D /* DataStore.swift */ = {isa = PBXFileReference; lastKnownFileType = sourcecode.swift; path = DataStore.swift; sourceTree = "<group>"; };
		4A597AF22170827B00D4A36D /* AnimeModel.swift */ = {isa = PBXFileReference; lastKnownFileType = sourcecode.swift; path = AnimeModel.swift; sourceTree = "<group>"; };
		4A597AF52170830700D4A36D /* DataSotreImp.swift */ = {isa = PBXFileReference; lastKnownFileType = sourcecode.swift; path = DataSotreImp.swift; sourceTree = "<group>"; };
		4A597B022170AFB800D4A36D /* Coordinator.swift */ = {isa = PBXFileReference; lastKnownFileType = sourcecode.swift; path = Coordinator.swift; sourceTree = "<group>"; };
		4A597B052170AFEE00D4A36D /* AppCoordinator.swift */ = {isa = PBXFileReference; lastKnownFileType = sourcecode.swift; path = AppCoordinator.swift; sourceTree = "<group>"; };
		4A597B072170B67700D4A36D /* AnimeListViewController.swift */ = {isa = PBXFileReference; lastKnownFileType = sourcecode.swift; path = AnimeListViewController.swift; sourceTree = "<group>"; };
		4A597B092170B68F00D4A36D /* AnimeListViewModelImp.swift */ = {isa = PBXFileReference; lastKnownFileType = sourcecode.swift; path = AnimeListViewModelImp.swift; sourceTree = "<group>"; };
		4A597B0D2170B6FC00D4A36D /* AnimeListViewModel.swift */ = {isa = PBXFileReference; lastKnownFileType = sourcecode.swift; path = AnimeListViewModel.swift; sourceTree = "<group>"; };
		4A597B102170B7F300D4A36D /* AnimeListService.swift */ = {isa = PBXFileReference; lastKnownFileType = sourcecode.swift; path = AnimeListService.swift; sourceTree = "<group>"; };
		4A597B122170C5DF00D4A36D /* AnimeListServiceImp.swift */ = {isa = PBXFileReference; lastKnownFileType = sourcecode.swift; path = AnimeListServiceImp.swift; sourceTree = "<group>"; };
		4A597B142170D5EF00D4A36D /* AnimeListCoordinator.swift */ = {isa = PBXFileReference; lastKnownFileType = sourcecode.swift; path = AnimeListCoordinator.swift; sourceTree = "<group>"; };
		4A597B182170D75F00D4A36D /* Protocols.swift */ = {isa = PBXFileReference; lastKnownFileType = sourcecode.swift; path = Protocols.swift; sourceTree = "<group>"; };
		4A597B1A2170D7AE00D4A36D /* Extensions.swift */ = {isa = PBXFileReference; lastKnownFileType = sourcecode.swift; path = Extensions.swift; sourceTree = "<group>"; };
		4A597B1C2170EAF000D4A36D /* AnimeDetailViewController.swift */ = {isa = PBXFileReference; lastKnownFileType = sourcecode.swift; path = AnimeDetailViewController.swift; sourceTree = "<group>"; };
		4A597B1F2170EB7F00D4A36D /* AnimeDetailViewModel.swift */ = {isa = PBXFileReference; lastKnownFileType = sourcecode.swift; path = AnimeDetailViewModel.swift; sourceTree = "<group>"; };
		4A597B212170F00C00D4A36D /* AnimeDetailViewModelImp.swift */ = {isa = PBXFileReference; lastKnownFileType = sourcecode.swift; path = AnimeDetailViewModelImp.swift; sourceTree = "<group>"; };
		4A597B232170F1DF00D4A36D /* AnimeDetailViewCoordinator.swift */ = {isa = PBXFileReference; lastKnownFileType = sourcecode.swift; path = AnimeDetailViewCoordinator.swift; sourceTree = "<group>"; };
/* End PBXFileReference section */

/* Begin PBXFrameworksBuildPhase section */
		4A597AD5216F6C8D00D4A36D /* Frameworks */ = {
			isa = PBXFrameworksBuildPhase;
			buildActionMask = 2147483647;
			files = (
			);
			runOnlyForDeploymentPostprocessing = 0;
		};
/* End PBXFrameworksBuildPhase section */

/* Begin PBXGroup section */
		4A597ACF216F6C8C00D4A36D = {
			isa = PBXGroup;
			children = (
				4A597ADA216F6C8D00D4A36D /* MVVM-C-Example */,
				4A597AD9216F6C8D00D4A36D /* Products */,
			);
			sourceTree = "<group>";
		};
		4A597AD9216F6C8D00D4A36D /* Products */ = {
			isa = PBXGroup;
			children = (
				4A597AD8216F6C8D00D4A36D /* MVVM-C-Example.app */,
			);
			name = Products;
			sourceTree = "<group>";
		};
		4A597ADA216F6C8D00D4A36D /* MVVM-C-Example */ = {
			isa = PBXGroup;
			children = (
				4A597B172170D70900D4A36D /* Extension */,
				4A597B162170D70100D4A36D /* Protocol */,
				4A597B002170AF9600D4A36D /* BaseCoordinator */,
				4A597AED217081B900D4A36D /* DataStore */,
				4A597AF821708C2B00D4A36D /* AnimeDetail */,
				4A597AF721708C1C00D4A36D /* AnimeList */,
				4A597ADB216F6C8D00D4A36D /* AppDelegate.swift */,
				4A597ADF216F6C8D00D4A36D /* Main.storyboard */,
				4A597AE2216F6C8E00D4A36D /* Assets.xcassets */,
				4A597AE4216F6C8E00D4A36D /* LaunchScreen.storyboard */,
				4A597AE7216F6C8E00D4A36D /* Info.plist */,
			);
			path = "MVVM-C-Example";
			sourceTree = "<group>";
		};
		4A597AED217081B900D4A36D /* DataStore */ = {
			isa = PBXGroup;
			children = (
				4A597AF4217082EC00D4A36D /* Manager */,
				4A597AF12170826500D4A36D /* Model */,
				4A597AF02170825500D4A36D /* Contract */,
			);
			path = DataStore;
			sourceTree = "<group>";
		};
		4A597AF02170825500D4A36D /* Contract */ = {
			isa = PBXGroup;
			children = (
				4A597AEE217081DA00D4A36D /* DataStore.swift */,
			);
			path = Contract;
			sourceTree = "<group>";
		};
		4A597AF12170826500D4A36D /* Model */ = {
			isa = PBXGroup;
			children = (
				4A597AF22170827B00D4A36D /* AnimeModel.swift */,
			);
			path = Model;
			sourceTree = "<group>";
		};
		4A597AF4217082EC00D4A36D /* Manager */ = {
			isa = PBXGroup;
			children = (
				4A597AF52170830700D4A36D /* DataSotreImp.swift */,
			);
			name = Manager;
			sourceTree = "<group>";
		};
		4A597AF721708C1C00D4A36D /* AnimeList */ = {
			isa = PBXGroup;
			children = (
				4A597B0B2170B6A500D4A36D /* Contracts */,
				4A597AFC21708D4D00D4A36D /* Service */,
				4A597AFB21708D4600D4A36D /* Coordinator */,
				4A597AFA21708D3200D4A36D /* View */,
				4A597AF921708D0D00D4A36D /* ViewModel */,
			);
			path = AnimeList;
			sourceTree = "<group>";
		};
		4A597AF821708C2B00D4A36D /* AnimeDetail */ = {
			isa = PBXGroup;
			children = (
				4A597B1E2170EB5C00D4A36D /* Contracts */,
				4A597AFF21708D6F00D4A36D /* Coordinator */,
				4A597AFE21708D6900D4A36D /* View */,
				4A597AFD21708D5C00D4A36D /* ViewModel */,
			);
			path = AnimeDetail;
			sourceTree = "<group>";
		};
		4A597AF921708D0D00D4A36D /* ViewModel */ = {
			isa = PBXGroup;
			children = (
				4A597B092170B68F00D4A36D /* AnimeListViewModelImp.swift */,
			);
			path = ViewModel;
			sourceTree = "<group>";
		};
		4A597AFA21708D3200D4A36D /* View */ = {
			isa = PBXGroup;
			children = (
				4A597B072170B67700D4A36D /* AnimeListViewController.swift */,
			);
			path = View;
			sourceTree = "<group>";
		};
		4A597AFB21708D4600D4A36D /* Coordinator */ = {
			isa = PBXGroup;
			children = (
				4A597B142170D5EF00D4A36D /* AnimeListCoordinator.swift */,
			);
			path = Coordinator;
			sourceTree = "<group>";
		};
		4A597AFC21708D4D00D4A36D /* Service */ = {
			isa = PBXGroup;
			children = (
				4A597B122170C5DF00D4A36D /* AnimeListServiceImp.swift */,
			);
			path = Service;
			sourceTree = "<group>";
		};
		4A597AFD21708D5C00D4A36D /* ViewModel */ = {
			isa = PBXGroup;
			children = (
				4A597B212170F00C00D4A36D /* AnimeDetailViewModelImp.swift */,
			);
			path = ViewModel;
			sourceTree = "<group>";
		};
		4A597AFE21708D6900D4A36D /* View */ = {
			isa = PBXGroup;
			children = (
				4A597B1C2170EAF000D4A36D /* AnimeDetailViewController.swift */,
			);
			path = View;
			sourceTree = "<group>";
		};
		4A597AFF21708D6F00D4A36D /* Coordinator */ = {
			isa = PBXGroup;
			children = (
				4A597B232170F1DF00D4A36D /* AnimeDetailViewCoordinator.swift */,
			);
			path = Coordinator;
			sourceTree = "<group>";
		};
		4A597B002170AF9600D4A36D /* BaseCoordinator */ = {
			isa = PBXGroup;
			children = (
				4A597B042170AFD300D4A36D /* AppCoordinator */,
				4A597B012170AFA800D4A36D /* Contract */,
			);
			path = BaseCoordinator;
			sourceTree = "<group>";
		};
		4A597B012170AFA800D4A36D /* Contract */ = {
			isa = PBXGroup;
			children = (
				4A597B022170AFB800D4A36D /* Coordinator.swift */,
			);
			path = Contract;
			sourceTree = "<group>";
		};
		4A597B042170AFD300D4A36D /* AppCoordinator */ = {
			isa = PBXGroup;
			children = (
				4A597B052170AFEE00D4A36D /* AppCoordinator.swift */,
			);
			path = AppCoordinator;
			sourceTree = "<group>";
		};
		4A597B0B2170B6A500D4A36D /* Contracts */ = {
			isa = PBXGroup;
			children = (
				4A597B0F2170B7D600D4A36D /* Service */,
				4A597B0C2170B6E500D4A36D /* ViewModel */,
			);
			path = Contracts;
			sourceTree = "<group>";
		};
		4A597B0C2170B6E500D4A36D /* ViewModel */ = {
			isa = PBXGroup;
			children = (
				4A597B0D2170B6FC00D4A36D /* AnimeListViewModel.swift */,
			);
			path = ViewModel;
			sourceTree = "<group>";
		};
		4A597B0F2170B7D600D4A36D /* Service */ = {
			isa = PBXGroup;
			children = (
				4A597B102170B7F300D4A36D /* AnimeListService.swift */,
			);
			path = Service;
			sourceTree = "<group>";
		};
		4A597B162170D70100D4A36D /* Protocol */ = {
			isa = PBXGroup;
			children = (
				4A597B182170D75F00D4A36D /* Protocols.swift */,
			);
			path = Protocol;
			sourceTree = "<group>";
		};
		4A597B172170D70900D4A36D /* Extension */ = {
			isa = PBXGroup;
			children = (
				4A597B1A2170D7AE00D4A36D /* Extensions.swift */,
			);
			path = Extension;
			sourceTree = "<group>";
		};
		4A597B1E2170EB5C00D4A36D /* Contracts */ = {
			isa = PBXGroup;
			children = (
				4A597B1F2170EB7F00D4A36D /* AnimeDetailViewModel.swift */,
			);
			path = Contracts;
			sourceTree = "<group>";
		};
/* End PBXGroup section */

/* Begin PBXNativeTarget section */
		4A597AD7216F6C8D00D4A36D /* MVVM-C-Example */ = {
			isa = PBXNativeTarget;
			buildConfigurationList = 4A597AEA216F6C8E00D4A36D /* Build configuration list for PBXNativeTarget "MVVM-C-Example" */;
			buildPhases = (
				4A597AD4216F6C8D00D4A36D /* Sources */,
				4A597AD5216F6C8D00D4A36D /* Frameworks */,
				4A597AD6216F6C8D00D4A36D /* Resources */,
			);
			buildRules = (
			);
			dependencies = (
			);
			name = "MVVM-C-Example";
			productName = "MVVM-C-Example";
			productReference = 4A597AD8216F6C8D00D4A36D /* MVVM-C-Example.app */;
			productType = "com.apple.product-type.application";
		};
/* End PBXNativeTarget section */

/* Begin PBXProject section */
		4A597AD0216F6C8C00D4A36D /* Project object */ = {
			isa = PBXProject;
			attributes = {
				LastSwiftUpdateCheck = 0940;
				LastUpgradeCheck = 0940;
				ORGANIZATIONNAME = "Osama Bin Bashir";
				TargetAttributes = {
					4A597AD7216F6C8D00D4A36D = {
						CreatedOnToolsVersion = 9.4;
					};
				};
			};
			buildConfigurationList = 4A597AD3216F6C8C00D4A36D /* Build configuration list for PBXProject "MVVM-C-Example" */;
			compatibilityVersion = "Xcode 9.3";
			developmentRegion = en;
			hasScannedForEncodings = 0;
			knownRegions = (
				en,
				Base,
			);
			mainGroup = 4A597ACF216F6C8C00D4A36D;
			productRefGroup = 4A597AD9216F6C8D00D4A36D /* Products */;
			projectDirPath = "";
			projectRoot = "";
			targets = (
				4A597AD7216F6C8D00D4A36D /* MVVM-C-Example */,
			);
		};
/* End PBXProject section */

/* Begin PBXResourcesBuildPhase section */
		4A597AD6216F6C8D00D4A36D /* Resources */ = {
			isa = PBXResourcesBuildPhase;
			buildActionMask = 2147483647;
			files = (
				4A597AE6216F6C8E00D4A36D /* LaunchScreen.storyboard in Resources */,
				4A597AE3216F6C8E00D4A36D /* Assets.xcassets in Resources */,
				4A597AE1216F6C8D00D4A36D /* Main.storyboard in Resources */,
			);
			runOnlyForDeploymentPostprocessing = 0;
		};
/* End PBXResourcesBuildPhase section */

/* Begin PBXSourcesBuildPhase section */
		4A597AD4216F6C8D00D4A36D /* Sources */ = {
			isa = PBXSourcesBuildPhase;
			buildActionMask = 2147483647;
			files = (
				4A597B062170AFEE00D4A36D /* AppCoordinator.swift in Sources */,
				4A597AF62170830700D4A36D /* DataSotreImp.swift in Sources */,
				4A597B112170B7F300D4A36D /* AnimeListService.swift in Sources */,
				4A597B152170D5EF00D4A36D /* AnimeListCoordinator.swift in Sources */,
				4A597B132170C5DF00D4A36D /* AnimeListServiceImp.swift in Sources */,
				4A597AEF217081DA00D4A36D /* DataStore.swift in Sources */,
				4A597B242170F1DF00D4A36D /* AnimeDetailViewCoordinator.swift in Sources */,
				4A597B082170B67700D4A36D /* AnimeListViewController.swift in Sources */,
				4A597B032170AFB800D4A36D /* Coordinator.swift in Sources */,
				4A597B0A2170B68F00D4A36D /* AnimeListViewModelImp.swift in Sources */,
				4A597B222170F00C00D4A36D /* AnimeDetailViewModelImp.swift in Sources */,
				4A597B192170D75F00D4A36D /* Protocols.swift in Sources */,
				4A597AF32170827B00D4A36D /* AnimeModel.swift in Sources */,
				4A597B0E2170B6FC00D4A36D /* AnimeListViewModel.swift in Sources */,
				4A597B1D2170EAF000D4A36D /* AnimeDetailViewController.swift in Sources */,
				4A597ADC216F6C8D00D4A36D /* AppDelegate.swift in Sources */,
				4A597B202170EB7F00D4A36D /* AnimeDetailViewModel.swift in Sources */,
				4A597B1B2170D7AE00D4A36D /* Extensions.swift in Sources */,
			);
			runOnlyForDeploymentPostprocessing = 0;
		};
/* End PBXSourcesBuildPhase section */

/* Begin PBXVariantGroup section */
		4A597ADF216F6C8D00D4A36D /* Main.storyboard */ = {
			isa = PBXVariantGroup;
			children = (
				4A597AE0216F6C8D00D4A36D /* Base */,
			);
			name = Main.storyboard;
			sourceTree = "<group>";
		};
		4A597AE4216F6C8E00D4A36D /* LaunchScreen.storyboard */ = {
			isa = PBXVariantGroup;
			children = (
				4A597AE5216F6C8E00D4A36D /* Base */,
			);
			name = LaunchScreen.storyboard;
			sourceTree = "<group>";
		};
/* End PBXVariantGroup section */

/* Begin XCBuildConfiguration section */
		4A597AE8216F6C8E00D4A36D /* Debug */ = {
			isa = XCBuildConfiguration;
			buildSettings = {
				ALWAYS_SEARCH_USER_PATHS = NO;
				CLANG_ANALYZER_NONNULL = YES;
				CLANG_ANALYZER_NUMBER_OBJECT_CONVERSION = YES_AGGRESSIVE;
				CLANG_CXX_LANGUAGE_STANDARD = "gnu++14";
				CLANG_CXX_LIBRARY = "libc++";
				CLANG_ENABLE_MODULES = YES;
				CLANG_ENABLE_OBJC_ARC = YES;
				CLANG_ENABLE_OBJC_WEAK = YES;
				CLANG_WARN_BLOCK_CAPTURE_AUTORELEASING = YES;
				CLANG_WARN_BOOL_CONVERSION = YES;
				CLANG_WARN_COMMA = YES;
				CLANG_WARN_CONSTANT_CONVERSION = YES;
				CLANG_WARN_DEPRECATED_OBJC_IMPLEMENTATIONS = YES;
				CLANG_WARN_DIRECT_OBJC_ISA_USAGE = YES_ERROR;
				CLANG_WARN_DOCUMENTATION_COMMENTS = YES;
				CLANG_WARN_EMPTY_BODY = YES;
				CLANG_WARN_ENUM_CONVERSION = YES;
				CLANG_WARN_INFINITE_RECURSION = YES;
				CLANG_WARN_INT_CONVERSION = YES;
				CLANG_WARN_NON_LITERAL_NULL_CONVERSION = YES;
				CLANG_WARN_OBJC_IMPLICIT_RETAIN_SELF = YES;
				CLANG_WARN_OBJC_LITERAL_CONVERSION = YES;
				CLANG_WARN_OBJC_ROOT_CLASS = YES_ERROR;
				CLANG_WARN_RANGE_LOOP_ANALYSIS = YES;
				CLANG_WARN_STRICT_PROTOTYPES = YES;
				CLANG_WARN_SUSPICIOUS_MOVE = YES;
				CLANG_WARN_UNGUARDED_AVAILABILITY = YES_AGGRESSIVE;
				CLANG_WARN_UNREACHABLE_CODE = YES;
				CLANG_WARN__DUPLICATE_METHOD_MATCH = YES;
				CODE_SIGN_IDENTITY = "iPhone Developer";
				COPY_PHASE_STRIP = NO;
				DEBUG_INFORMATION_FORMAT = dwarf;
				ENABLE_STRICT_OBJC_MSGSEND = YES;
				ENABLE_TESTABILITY = YES;
				GCC_C_LANGUAGE_STANDARD = gnu11;
				GCC_DYNAMIC_NO_PIC = NO;
				GCC_NO_COMMON_BLOCKS = YES;
				GCC_OPTIMIZATION_LEVEL = 0;
				GCC_PREPROCESSOR_DEFINITIONS = (
					"DEBUG=1",
					"$(inherited)",
				);
				GCC_WARN_64_TO_32_BIT_CONVERSION = YES;
				GCC_WARN_ABOUT_RETURN_TYPE = YES_ERROR;
				GCC_WARN_UNDECLARED_SELECTOR = YES;
				GCC_WARN_UNINITIALIZED_AUTOS = YES_AGGRESSIVE;
				GCC_WARN_UNUSED_FUNCTION = YES;
				GCC_WARN_UNUSED_VARIABLE = YES;
				IPHONEOS_DEPLOYMENT_TARGET = 11.4;
				MTL_ENABLE_DEBUG_INFO = YES;
				ONLY_ACTIVE_ARCH = YES;
				SDKROOT = iphoneos;
				SWIFT_ACTIVE_COMPILATION_CONDITIONS = DEBUG;
				SWIFT_OPTIMIZATION_LEVEL = "-Onone";
			};
			name = Debug;
		};
		4A597AE9216F6C8E00D4A36D /* Release */ = {
			isa = XCBuildConfiguration;
			buildSettings = {
				ALWAYS_SEARCH_USER_PATHS = NO;
				CLANG_ANALYZER_NONNULL = YES;
				CLANG_ANALYZER_NUMBER_OBJECT_CONVERSION = YES_AGGRESSIVE;
				CLANG_CXX_LANGUAGE_STANDARD = "gnu++14";
				CLANG_CXX_LIBRARY = "libc++";
				CLANG_ENABLE_MODULES = YES;
				CLANG_ENABLE_OBJC_ARC = YES;
				CLANG_ENABLE_OBJC_WEAK = YES;
				CLANG_WARN_BLOCK_CAPTURE_AUTORELEASING = YES;
				CLANG_WARN_BOOL_CONVERSION = YES;
				CLANG_WARN_COMMA = YES;
				CLANG_WARN_CONSTANT_CONVERSION = YES;
				CLANG_WARN_DEPRECATED_OBJC_IMPLEMENTATIONS = YES;
				CLANG_WARN_DIRECT_OBJC_ISA_USAGE = YES_ERROR;
				CLANG_WARN_DOCUMENTATION_COMMENTS = YES;
				CLANG_WARN_EMPTY_BODY = YES;
				CLANG_WARN_ENUM_CONVERSION = YES;
				CLANG_WARN_INFINITE_RECURSION = YES;
				CLANG_WARN_INT_CONVERSION = YES;
				CLANG_WARN_NON_LITERAL_NULL_CONVERSION = YES;
				CLANG_WARN_OBJC_IMPLICIT_RETAIN_SELF = YES;
				CLANG_WARN_OBJC_LITERAL_CONVERSION = YES;
				CLANG_WARN_OBJC_ROOT_CLASS = YES_ERROR;
				CLANG_WARN_RANGE_LOOP_ANALYSIS = YES;
				CLANG_WARN_STRICT_PROTOTYPES = YES;
				CLANG_WARN_SUSPICIOUS_MOVE = YES;
				CLANG_WARN_UNGUARDED_AVAILABILITY = YES_AGGRESSIVE;
				CLANG_WARN_UNREACHABLE_CODE = YES;
				CLANG_WARN__DUPLICATE_METHOD_MATCH = YES;
				CODE_SIGN_IDENTITY = "iPhone Developer";
				COPY_PHASE_STRIP = NO;
				DEBUG_INFORMATION_FORMAT = "dwarf-with-dsym";
				ENABLE_NS_ASSERTIONS = NO;
				ENABLE_STRICT_OBJC_MSGSEND = YES;
				GCC_C_LANGUAGE_STANDARD = gnu11;
				GCC_NO_COMMON_BLOCKS = YES;
				GCC_WARN_64_TO_32_BIT_CONVERSION = YES;
				GCC_WARN_ABOUT_RETURN_TYPE = YES_ERROR;
				GCC_WARN_UNDECLARED_SELECTOR = YES;
				GCC_WARN_UNINITIALIZED_AUTOS = YES_AGGRESSIVE;
				GCC_WARN_UNUSED_FUNCTION = YES;
				GCC_WARN_UNUSED_VARIABLE = YES;
				IPHONEOS_DEPLOYMENT_TARGET = 11.4;
				MTL_ENABLE_DEBUG_INFO = NO;
				SDKROOT = iphoneos;
				SWIFT_COMPILATION_MODE = wholemodule;
				SWIFT_OPTIMIZATION_LEVEL = "-O";
				VALIDATE_PRODUCT = YES;
			};
			name = Release;
		};
		4A597AEB216F6C8E00D4A36D /* Debug */ = {
			isa = XCBuildConfiguration;
			buildSettings = {
				ASSETCATALOG_COMPILER_APPICON_NAME = AppIcon;
				CODE_SIGN_STYLE = Automatic;
				INFOPLIST_FILE = "MVVM-C-Example/Info.plist";
				LD_RUNPATH_SEARCH_PATHS = (
					"$(inherited)",
					"@executable_path/Frameworks",
				);
				PRODUCT_BUNDLE_IDENTIFIER = "osama.MVVM-C-Example";
				PRODUCT_NAME = "$(TARGET_NAME)";
				SWIFT_VERSION = 4.0;
				TARGETED_DEVICE_FAMILY = "1,2";
			};
			name = Debug;
		};
		4A597AEC216F6C8E00D4A36D /* Release */ = {
			isa = XCBuildConfiguration;
			buildSettings = {
				ASSETCATALOG_COMPILER_APPICON_NAME = AppIcon;
				CODE_SIGN_STYLE = Automatic;
				INFOPLIST_FILE = "MVVM-C-Example/Info.plist";
				LD_RUNPATH_SEARCH_PATHS = (
					"$(inherited)",
					"@executable_path/Frameworks",
				);
				PRODUCT_BUNDLE_IDENTIFIER = "osama.MVVM-C-Example";
				PRODUCT_NAME = "$(TARGET_NAME)";
				SWIFT_VERSION = 4.0;
				TARGETED_DEVICE_FAMILY = "1,2";
			};
			name = Release;
		};
/* End XCBuildConfiguration section */

/* Begin XCConfigurationList section */
		4A597AD3216F6C8C00D4A36D /* Build configuration list for PBXProject "MVVM-C-Example" */ = {
			isa = XCConfigurationList;
			buildConfigurations = (
				4A597AE8216F6C8E00D4A36D /* Debug */,
				4A597AE9216F6C8E00D4A36D /* Release */,
			);
			defaultConfigurationIsVisible = 0;
			defaultConfigurationName = Release;
		};
		4A597AEA216F6C8E00D4A36D /* Build configuration list for PBXNativeTarget "MVVM-C-Example" */ = {
			isa = XCConfigurationList;
			buildConfigurations = (
				4A597AEB216F6C8E00D4A36D /* Debug */,
				4A597AEC216F6C8E00D4A36D /* Release */,
			);
			defaultConfigurationIsVisible = 0;
			defaultConfigurationName = Release;
		};
/* End XCConfigurationList section */
	};
	rootObject = 4A597AD0216F6C8C00D4A36D /* Project object */;
}
